// !$*UTF8*$!
{
	archiveVersion = 1;
	classes = {
	};
	objectVersion = 46;
	objects = {

/* Begin PBXBuildFile section */
		FC8FD81D1EEEFFB8007D6B6E /* AppDelegate.swift in Sources */ = {isa = PBXBuildFile; fileRef = FC8FD81C1EEEFFB8007D6B6E /* AppDelegate.swift */; };
		FC8FD81F1EEEFFB8007D6B6E /* ViewController.swift in Sources */ = {isa = PBXBuildFile; fileRef = FC8FD81E1EEEFFB8007D6B6E /* ViewController.swift */; };
		FC8FD8221EEEFFB8007D6B6E /* Main.storyboard in Resources */ = {isa = PBXBuildFile; fileRef = FC8FD8201EEEFFB8007D6B6E /* Main.storyboard */; };
		FC8FD8241EEEFFB8007D6B6E /* Assets.xcassets in Resources */ = {isa = PBXBuildFile; fileRef = FC8FD8231EEEFFB8007D6B6E /* Assets.xcassets */; };
		FC8FD8271EEEFFB8007D6B6E /* LaunchScreen.storyboard in Resources */ = {isa = PBXBuildFile; fileRef = FC8FD8251EEEFFB8007D6B6E /* LaunchScreen.storyboard */; };
		FC8FD82F1EEEFFEE007D6B6E /* DataTableViewCell.swift in Sources */ = {isa = PBXBuildFile; fileRef = FC8FD82E1EEEFFEE007D6B6E /* DataTableViewCell.swift */; };
/* End PBXBuildFile section */

/* Begin PBXFileReference section */
		FC8FD8191EEEFFB8007D6B6E /* Paging.app */ = {isa = PBXFileReference; explicitFileType = wrapper.application; includeInIndex = 0; path = Paging.app; sourceTree = BUILT_PRODUCTS_DIR; };
		FC8FD81C1EEEFFB8007D6B6E /* AppDelegate.swift */ = {isa = PBXFileReference; lastKnownFileType = sourcecode.swift; path = AppDelegate.swift; sourceTree = "<group>"; };
		FC8FD81E1EEEFFB8007D6B6E /* ViewController.swift */ = {isa = PBXFileReference; lastKnownFileType = sourcecode.swift; path = ViewController.swift; sourceTree = "<group>"; };
		FC8FD8211EEEFFB8007D6B6E /* Base */ = {isa = PBXFileReference; lastKnownFileType = file.storyboard; name = Base; path = Base.lproj/Main.storyboard; sourceTree = "<group>"; };
		FC8FD8231EEEFFB8007D6B6E /* Assets.xcassets */ = {isa = PBXFileReference; lastKnownFileType = folder.assetcatalog; path = Assets.xcassets; sourceTree = "<group>"; };
		FC8FD8261EEEFFB8007D6B6E /* Base */ = {isa = PBXFileReference; lastKnownFileType = file.storyboard; name = Base; path = Base.lproj/LaunchScreen.storyboard; sourceTree = "<group>"; };
		FC8FD8281EEEFFB8007D6B6E /* Info.plist */ = {isa = PBXFileReference; lastKnownFileType = text.plist.xml; path = Info.plist; sourceTree = "<group>"; };
		FC8FD82E1EEEFFEE007D6B6E /* DataTableViewCell.swift */ = {isa = PBXFileReference; fileEncoding = 4; lastKnownFileType = sourcecode.swift; path = DataTableViewCell.swift; sourceTree = "<group>"; };
/* End PBXFileReference section */

/* Begin PBXFrameworksBuildPhase section */
		FC8FD8161EEEFFB8007D6B6E /* Frameworks */ = {
			isa = PBXFrameworksBuildPhase;
			buildActionMask = 2147483647;
			files = (
			);
			runOnlyForDeploymentPostprocessing = 0;
		};
/* End PBXFrameworksBuildPhase section */

/* Begin PBXGroup section */
		FC8FD8101EEEFFB7007D6B6E = {
			isa = PBXGroup;
			children = (
				FC8FD81B1EEEFFB8007D6B6E /* Paging */,
				FC8FD81A1EEEFFB8007D6B6E /* Products */,
			);
			sourceTree = "<group>";
		};
		FC8FD81A1EEEFFB8007D6B6E /* Products */ = {
			isa = PBXGroup;
			children = (
				FC8FD8191EEEFFB8007D6B6E /* Paging.app */,
			);
			name = Products;
			sourceTree = "<group>";
		};
		FC8FD81B1EEEFFB8007D6B6E /* Paging */ = {
			isa = PBXGroup;
			children = (
				FC8FD81C1EEEFFB8007D6B6E /* AppDelegate.swift */,
				FC8FD81E1EEEFFB8007D6B6E /* ViewController.swift */,
				FC8FD8201EEEFFB8007D6B6E /* Main.storyboard */,
				FC8FD8231EEEFFB8007D6B6E /* Assets.xcassets */,
				FC8FD8251EEEFFB8007D6B6E /* LaunchScreen.storyboard */,
				FC8FD8281EEEFFB8007D6B6E /* Info.plist */,
				FC8FD82E1EEEFFEE007D6B6E /* DataTableViewCell.swift */,
			);
			path = Paging;
			sourceTree = "<group>";
		};
/* End PBXGroup section */

/* Begin PBXNativeTarget section */
		FC8FD8181EEEFFB8007D6B6E /* Paging */ = {
			isa = PBXNativeTarget;
			buildConfigurationList = FC8FD82B1EEEFFB8007D6B6E /* Build configuration list for PBXNativeTarget "Paging" */;
			buildPhases = (
				FC8FD8151EEEFFB8007D6B6E /* Sources */,
				FC8FD8161EEEFFB8007D6B6E /* Frameworks */,
				FC8FD8171EEEFFB8007D6B6E /* Resources */,
			);
			buildRules = (
			);
			dependencies = (
			);
			name = Paging;
			productName = Paging;
			productReference = FC8FD8191EEEFFB8007D6B6E /* Paging.app */;
			productType = "com.apple.product-type.application";
		};
/* End PBXNativeTarget section */

/* Begin PBXProject section */
		FC8FD8111EEEFFB7007D6B6E /* Project object */ = {
			isa = PBXProject;
			attributes = {
				LastSwiftUpdateCheck = 0830;
				LastUpgradeCheck = 0830;
				ORGANIZATIONNAME = "vikram singh rajpoot";
				TargetAttributes = {
					FC8FD8181EEEFFB8007D6B6E = {
						CreatedOnToolsVersion = 8.3.3;
						ProvisioningStyle = Automatic;
					};
				};
			};
			buildConfigurationList = FC8FD8141EEEFFB7007D6B6E /* Build configuration list for PBXProject "Paging" */;
			compatibilityVersion = "Xcode 3.2";
			developmentRegion = English;
			hasScannedForEncodings = 0;
			knownRegions = (
				en,
				Base,
			);
			mainGroup = FC8FD8101EEEFFB7007D6B6E;
			productRefGroup = FC8FD81A1EEEFFB8007D6B6E /* Products */;
			projectDirPath = "";
			projectRoot = "";
			targets = (
				FC8FD8181EEEFFB8007D6B6E /* Paging */,
			);
		};
/* End PBXProject section */

/* Begin PBXResourcesBuildPhase section */
		FC8FD8171EEEFFB8007D6B6E /* Resources */ = {
			isa = PBXResourcesBuildPhase;
			buildActionMask = 2147483647;
			files = (
				FC8FD8271EEEFFB8007D6B6E /* LaunchScreen.storyboard in Resources */,
				FC8FD8241EEEFFB8007D6B6E /* Assets.xcassets in Resources */,
				FC8FD8221EEEFFB8007D6B6E /* Main.storyboard in Resources */,
			);
			runOnlyForDeploymentPostprocessing = 0;
		};
/* End PBXResourcesBuildPhase section */

/* Begin PBXSourcesBuildPhase section */
		FC8FD8151EEEFFB8007D6B6E /* Sources */ = {
			isa = PBXSourcesBuildPhase;
			buildActionMask = 2147483647;
			files = (
				FC8FD81F1EEEFFB8007D6B6E /* ViewController.swift in Sources */,
				FC8FD82F1EEEFFEE007D6B6E /* DataTableViewCell.swift in Sources */,
				FC8FD81D1EEEFFB8007D6B6E /* AppDelegate.swift in Sources */,
			);
			runOnlyForDeploymentPostprocessing = 0;
		};
/* End PBXSourcesBuildPhase section */

/* Begin PBXVariantGroup section */
		FC8FD8201EEEFFB8007D6B6E /* Main.storyboard */ = {
			isa = PBXVariantGroup;
			children = (
				FC8FD8211EEEFFB8007D6B6E /* Base */,
			);
			name = Main.storyboard;
			sourceTree = "<group>";
		};
		FC8FD8251EEEFFB8007D6B6E /* LaunchScreen.storyboard */ = {
			isa = PBXVariantGroup;
			children = (
				FC8FD8261EEEFFB8007D6B6E /* Base */,
			);
			name = LaunchScreen.storyboard;
			sourceTree = "<group>";
		};
/* End PBXVariantGroup section */

/* Begin XCBuildConfiguration section */
		FC8FD8291EEEFFB8007D6B6E /* Debug */ = {
			isa = XCBuildConfiguration;
			buildSettings = {
				ALWAYS_SEARCH_USER_PATHS = NO;
				CLANG_ANALYZER_NONNULL = YES;
				CLANG_ANALYZER_NUMBER_OBJECT_CONVERSION = YES_AGGRESSIVE;
				CLANG_CXX_LANGUAGE_STANDARD = "gnu++0x";
				CLANG_CXX_LIBRARY = "libc++";
				CLANG_ENABLE_MODULES = YES;
				CLANG_ENABLE_OBJC_ARC = YES;
				CLANG_WARN_BOOL_CONVERSION = YES;
				CLANG_WARN_CONSTANT_CONVERSION = YES;
				CLANG_WARN_DIRECT_OBJC_ISA_USAGE = YES_ERROR;
				CLANG_WARN_DOCUMENTATION_COMMENTS = YES;
				CLANG_WARN_EMPTY_BODY = YES;
				CLANG_WARN_ENUM_CONVERSION = YES;
				CLANG_WARN_INFINITE_RECURSION = YES;
				CLANG_WARN_INT_CONVERSION = YES;
				CLANG_WARN_OBJC_ROOT_CLASS = YES_ERROR;
				CLANG_WARN_SUSPICIOUS_MOVE = YES;
				CLANG_WARN_UNREACHABLE_CODE = YES;
				CLANG_WARN__DUPLICATE_METHOD_MATCH = YES;
				"CODE_SIGN_IDENTITY[sdk=iphoneos*]" = "iPhone Developer";
				COPY_PHASE_STRIP = NO;
				DEBUG_INFORMATION_FORMAT = dwarf;
				ENABLE_STRICT_OBJC_MSGSEND = YES;
				ENABLE_TESTABILITY = YES;
				GCC_C_LANGUAGE_STANDARD = gnu99;
				GCC_DYNAMIC_NO_PIC = NO;
				GCC_NO_COMMON_BLOCKS = YES;
				GCC_OPTIMIZATION_LEVEL = 0;
				GCC_PREPROCESSOR_DEFINITIONS = (
					"DEBUG=1",
					"$(inherited)",
				);
				GCC_WARN_64_TO_32_BIT_CONVERSION = YES;
				GCC_WARN_ABOUT_RETURN_TYPE = YES_ERROR;
				GCC_WARN_UNDECLARED_SELECTOR = YES;
				GCC_WARN_UNINITIALIZED_AUTOS = YES_AGGRESSIVE;
				GCC_WARN_UNUSED_FUNCTION = YES;
				GCC_WARN_UNUSED_VARIABLE = YES;
				IPHONEOS_DEPLOYMENT_TARGET = 10.3;
				MTL_ENABLE_DEBUG_INFO = YES;
				ONLY_ACTIVE_ARCH = YES;
				SDKROOT = iphoneos;
				SWIFT_ACTIVE_COMPILATION_CONDITIONS = DEBUG;
				SWIFT_OPTIMIZATION_LEVEL = "-Onone";
			};
			name = Debug;
		};
		FC8FD82A1EEEFFB8007D6B6E /* Release */ = {
			isa = XCBuildConfiguration;
			buildSettings = {
				ALWAYS_SEARCH_USER_PATHS = NO;
				CLANG_ANALYZER_NONNULL = YES;
				CLANG_ANALYZER_NUMBER_OBJECT_CONVERSION = YES_AGGRESSIVE;
				CLANG_CXX_LANGUAGE_STANDARD = "gnu++0x";
				CLANG_CXX_LIBRARY = "libc++";
				CLANG_ENABLE_MODULES = YES;
				CLANG_ENABLE_OBJC_ARC = YES;
				CLANG_WARN_BOOL_CONVERSION = YES;
				CLANG_WARN_CONSTANT_CONVERSION = YES;
				CLANG_WARN_DIRECT_OBJC_ISA_USAGE = YES_ERROR;
				CLANG_WARN_DOCUMENTATION_COMMENTS = YES;
				CLANG_WARN_EMPTY_BODY = YES;
				CLANG_WARN_ENUM_CONVERSION = YES;
				CLANG_WARN_INFINITE_RECURSION = YES;
				CLANG_WARN_INT_CONVERSION = YES;
				CLANG_WARN_OBJC_ROOT_CLASS = YES_ERROR;
				CLANG_WARN_SUSPICIOUS_MOVE = YES;
				CLANG_WARN_UNREACHABLE_CODE = YES;
				CLANG_WARN__DUPLICATE_METHOD_MATCH = YES;
				"CODE_SIGN_IDENTITY[sdk=iphoneos*]" = "iPhone Developer";
				COPY_PHASE_STRIP = NO;
				DEBUG_INFORMATION_FORMAT = "dwarf-with-dsym";
				ENABLE_NS_ASSERTIONS = NO;
				ENABLE_STRICT_OBJC_MSGSEND = YES;
				GCC_C_LANGUAGE_STANDARD = gnu99;
				GCC_NO_COMMON_BLOCKS = YES;
				GCC_WARN_64_TO_32_BIT_CONVERSION = YES;
				GCC_WARN_ABOUT_RETURN_TYPE = YES_ERROR;
				GCC_WARN_UNDECLARED_SELECTOR = YES;
				GCC_WARN_UNINITIALIZED_AUTOS = YES_AGGRESSIVE;
				GCC_WARN_UNUSED_FUNCTION = YES;
				GCC_WARN_UNUSED_VARIABLE = YES;
				IPHONEOS_DEPLOYMENT_TARGET = 10.3;
				MTL_ENABLE_DEBUG_INFO = NO;
				SDKROOT = iphoneos;
				SWIFT_OPTIMIZATION_LEVEL = "-Owholemodule";
				VALIDATE_PRODUCT = YES;
			};
			name = Release;
		};
		FC8FD82C1EEEFFB8007D6B6E /* Debug */ = {
			isa = XCBuildConfiguration;
			buildSettings = {
				ASSETCATALOG_COMPILER_APPICON_NAME = AppIcon;
				INFOPLIST_FILE = Paging/Info.plist;
				LD_RUNPATH_SEARCH_PATHS = "$(inherited) @executable_path/Frameworks";
				PRODUCT_BUNDLE_IDENTIFIER = vikram.Paging;
				PRODUCT_NAME = "$(TARGET_NAME)";
				SWIFT_VERSION = 3.0;
			};
			name = Debug;
		};
		FC8FD82D1EEEFFB8007D6B6E /* Release */ = {
			isa = XCBuildConfiguration;
			buildSettings = {
				ASSETCATALOG_COMPILER_APPICON_NAME = AppIcon;
				INFOPLIST_FILE = Paging/Info.plist;
				LD_RUNPATH_SEARCH_PATHS = "$(inherited) @executable_path/Frameworks";
				PRODUCT_BUNDLE_IDENTIFIER = vikram.Paging;
				PRODUCT_NAME = "$(TARGET_NAME)";
				SWIFT_VERSION = 3.0;
			};
			name = Release;
		};
/* End XCBuildConfiguration section */

/* Begin XCConfigurationList section */
		FC8FD8141EEEFFB7007D6B6E /* Build configuration list for PBXProject "Paging" */ = {
			isa = XCConfigurationList;
			buildConfigurations = (
				FC8FD8291EEEFFB8007D6B6E /* Debug */,
				FC8FD82A1EEEFFB8007D6B6E /* Release */,
			);
			defaultConfigurationIsVisible = 0;
			defaultConfigurationName = Release;
		};
		FC8FD82B1EEEFFB8007D6B6E /* Build configuration list for PBXNativeTarget "Paging" */ = {
			isa = XCConfigurationList;
			buildConfigurations = (
				FC8FD82C1EEEFFB8007D6B6E /* Debug */,
				FC8FD82D1EEEFFB8007D6B6E /* Release */,
			);
			defaultConfigurationIsVisible = 0;
		};
/* End XCConfigurationList section */
	};
	rootObject = FC8FD8111EEEFFB7007D6B6E /* Project object */;
}
